# This file is generated by running "yarn install" inside your project.
# Manual changes might be lost - proceed with caution!

__metadata:
  version: 6

"eslint-config-mitodl@workspace:.":
  version: 0.0.0-use.local
  resolution: "eslint-config-mitodl@workspace:."
  peerDependencies:
    eslint: 7.x
    eslint-config-google: 0.x
    eslint-plugin-mocha: 6.x
    eslint-plugin-react: 7.x
    eslint-plugin-react-hooks: 4.x
    prettier-eslint-cli: ^7.1.0
  languageName: unknown
  linkType: soft
